
Microsoft Visual Studio Solution File, Format Version 12.00
# Visual Studio 14
VisualStudioVersion = 14.0.25123.0
MinimumVisualStudioVersion = 10.0.40219.1
Project("{FAE04EC0-301F-11D3-BF4B-00C04F79EFBC}") = "Purple.UI", "Purple\Purple.UI.csproj", "{89304E82-8519-4C1A-8A64-DF65202B8097}"
EndProject
Project("{FAE04EC0-301F-11D3-BF4B-00C04F79EFBC}") = "Purple.Tests", "Purple.Tests\Purple.Tests.csproj", "{7EBAAD2C-C120-44AC-AB89-EB387A1732DF}"
EndProject
Project("{FAE04EC0-301F-11D3-BF4B-00C04F79EFBC}") = "Purple.WebAPI", "Purple.WebAPI\Purple.WebAPI.csproj", "{1A983DD7-AB14-4AFA-9071-F1018455647E}"
EndProject
Project("{FAE04EC0-301F-11D3-BF4B-00C04F79EFBC}") = "Purple.DAL", "Purple.DAL\Purple.DAL.csproj", "{5D31807F-A3CF-4F6E-9974-11806B80E382}"
EndProject
Project("{FAE04EC0-301F-11D3-BF4B-00C04F79EFBC}") = "Purple.Entities", "Purple.Entities\Purple.Entities.csproj", "{67BB1D36-A573-4E7A-BB1D-8757C4C12270}"
EndProject
Project("{FAE04EC0-301F-11D3-BF4B-00C04F79EFBC}") = "Purple.Business", "Purple.Business\Purple.Business.csproj", "{E7EE7570-0090-4FAC-B09A-980F6B24CBB3}"
EndProject
Global
	GlobalSection(SolutionConfigurationPlatforms) = preSolution
		Debug|Any CPU = Debug|Any CPU
		Release|Any CPU = Release|Any CPU
	EndGlobalSection
	GlobalSection(ProjectConfigurationPlatforms) = postSolution
		{89304E82-8519-4C1A-8A64-DF65202B8097}.Debug|Any CPU.ActiveCfg = Debug|Any CPU
		{89304E82-8519-4C1A-8A64-DF65202B8097}.Debug|Any CPU.Build.0 = Debug|Any CPU
		{89304E82-8519-4C1A-8A64-DF65202B8097}.Release|Any CPU.ActiveCfg = Release|Any CPU
		{89304E82-8519-4C1A-8A64-DF65202B8097}.Release|Any CPU.Build.0 = Release|Any CPU
		{7EBAAD2C-C120-44AC-AB89-EB387A1732DF}.Debug|Any CPU.ActiveCfg = Debug|Any CPU
		{7EBAAD2C-C120-44AC-AB89-EB387A1732DF}.Debug|Any CPU.Build.0 = Debug|Any CPU
		{7EBAAD2C-C120-44AC-AB89-EB387A1732DF}.Release|Any CPU.ActiveCfg = Release|Any CPU
		{7EBAAD2C-C120-44AC-AB89-EB387A1732DF}.Release|Any CPU.Build.0 = Release|Any CPU
		{1A983DD7-AB14-4AFA-9071-F1018455647E}.Debug|Any CPU.ActiveCfg = Debug|Any CPU
		{1A983DD7-AB14-4AFA-9071-F1018455647E}.Debug|Any CPU.Build.0 = Debug|Any CPU
		{1A983DD7-AB14-4AFA-9071-F1018455647E}.Release|Any CPU.ActiveCfg = Release|Any CPU
		{1A983DD7-AB14-4AFA-9071-F1018455647E}.Release|Any CPU.Build.0 = Release|Any CPU
		{5D31807F-A3CF-4F6E-9974-11806B80E382}.Debug|Any CPU.ActiveCfg = Debug|Any CPU
		{5D31807F-A3CF-4F6E-9974-11806B80E382}.Debug|Any CPU.Build.0 = Debug|Any CPU
		{5D31807F-A3CF-4F6E-9974-11806B80E382}.Release|Any CPU.ActiveCfg = Release|Any CPU
		{5D31807F-A3CF-4F6E-9974-11806B80E382}.Release|Any CPU.Build.0 = Release|Any CPU
		{67BB1D36-A573-4E7A-BB1D-8757C4C12270}.Debug|Any CPU.ActiveCfg = Debug|Any CPU
		{67BB1D36-A573-4E7A-BB1D-8757C4C12270}.Debug|Any CPU.Build.0 = Debug|Any CPU
		{67BB1D36-A573-4E7A-BB1D-8757C4C12270}.Release|Any CPU.ActiveCfg = Release|Any CPU
		{67BB1D36-A573-4E7A-BB1D-8757C4C12270}.Release|Any CPU.Build.0 = Release|Any CPU
		{E7EE7570-0090-4FAC-B09A-980F6B24CBB3}.Debug|Any CPU.ActiveCfg = Debug|Any CPU
		{E7EE7570-0090-4FAC-B09A-980F6B24CBB3}.Debug|Any CPU.Build.0 = Debug|Any CPU
		{E7EE7570-0090-4FAC-B09A-980F6B24CBB3}.Release|Any CPU.ActiveCfg = Release|Any CPU
		{E7EE7570-0090-4FAC-B09A-980F6B24CBB3}.Release|Any CPU.Build.0 = Release|Any CPU
	EndGlobalSection
	GlobalSection(SolutionProperties) = preSolution
		HideSolutionNode = FALSE
	EndGlobalSection
	GlobalSection(ExtensibilityGlobals) = postSolution
		EnterpriseLibraryConfigurationToolBinariesPath = packages\Unity.2.1.505.0\lib\NET35
	EndGlobalSection
EndGlobal
